// !$*UTF8*$!
{
	archiveVersion = 1;
	classes = {
	};
	objectVersion = 48;
	objects = {

/* Begin PBXBuildFile section */
		41578FEB2087693000AFAB11 /* ResourcePath.mm in Sources */ = {isa = PBXBuildFile; fileRef = 41578FEA2087693000AFAB11 /* ResourcePath.mm */; };
		41578FEE2087693000AFAB11 /* main.cpp in Sources */ = {isa = PBXBuildFile; fileRef = 41578FED2087693000AFAB11 /* main.cpp */; };
		41578FF52087693000AFAB11 /* sansation.ttf in Resources */ = {isa = PBXBuildFile; fileRef = 41578FF42087693000AFAB11 /* sansation.ttf */; };
		41578FF72087693000AFAB11 /* icon.png in Resources */ = {isa = PBXBuildFile; fileRef = 41578FF62087693000AFAB11 /* icon.png */; };
		4157900120876DA700AFAB11 /* Ball.cpp in Sources */ = {isa = PBXBuildFile; fileRef = 4157900020876DA700AFAB11 /* Ball.cpp */; };
		415790C9208B8F5000AFAB11 /* Images.xcassets in Resources */ = {isa = PBXBuildFile; fileRef = 415790C8208B8F5000AFAB11 /* Images.xcassets */; };
		41C1F5432099EF5300D4557F /* Physics.cpp in Sources */ = {isa = PBXBuildFile; fileRef = 41C1F5422099EF5300D4557F /* Physics.cpp */; };
/* End PBXBuildFile section */

/* Begin PBXFileReference section */
		41578FE52087693000AFAB11 /* Collision_detection_test.app */ = {isa = PBXFileReference; explicitFileType = wrapper.application; includeInIndex = 0; path = Collision_detection_test.app; sourceTree = BUILT_PRODUCTS_DIR; };
		41578FE92087693000AFAB11 /* Collision_detection_test-Info.plist */ = {isa = PBXFileReference; lastKnownFileType = text.plist.xml; path = "Collision_detection_test-Info.plist"; sourceTree = "<group>"; };
		41578FEA2087693000AFAB11 /* ResourcePath.mm */ = {isa = PBXFileReference; lastKnownFileType = sourcecode.cpp.objcpp; path = ResourcePath.mm; sourceTree = "<group>"; };
		41578FEC2087693000AFAB11 /* ResourcePath.hpp */ = {isa = PBXFileReference; lastKnownFileType = sourcecode.cpp.h; path = ResourcePath.hpp; sourceTree = "<group>"; };
		41578FED2087693000AFAB11 /* main.cpp */ = {isa = PBXFileReference; lastKnownFileType = sourcecode.cpp.cpp; path = main.cpp; sourceTree = "<group>"; };
		41578FF42087693000AFAB11 /* sansation.ttf */ = {isa = PBXFileReference; lastKnownFileType = file; path = sansation.ttf; sourceTree = "<group>"; };
		41578FF62087693000AFAB11 /* icon.png */ = {isa = PBXFileReference; lastKnownFileType = image.png; path = icon.png; sourceTree = "<group>"; };
		4157900020876DA700AFAB11 /* Ball.cpp */ = {isa = PBXFileReference; lastKnownFileType = sourcecode.cpp.cpp; path = Ball.cpp; sourceTree = "<group>"; };
		415790C8208B8F5000AFAB11 /* Images.xcassets */ = {isa = PBXFileReference; lastKnownFileType = folder.assetcatalog; path = Images.xcassets; sourceTree = "<group>"; };
		41C1F5422099EF5300D4557F /* Physics.cpp */ = {isa = PBXFileReference; lastKnownFileType = sourcecode.cpp.cpp; path = Physics.cpp; sourceTree = "<group>"; };
/* End PBXFileReference section */

/* Begin PBXFrameworksBuildPhase section */
		41578FE12087693000AFAB11 /* Frameworks */ = {
			isa = PBXFrameworksBuildPhase;
			buildActionMask = 2147483647;
			files = (
			);
			runOnlyForDeploymentPostprocessing = 0;
		};
/* End PBXFrameworksBuildPhase section */

/* Begin PBXGroup section */
		41578FDB2087692F00AFAB11 = {
			isa = PBXGroup;
			children = (
				41578FE72087693000AFAB11 /* Collision_detection_test */,
				41578FE62087693000AFAB11 /* Products */,
			);
			sourceTree = "<group>";
		};
		41578FE62087693000AFAB11 /* Products */ = {
			isa = PBXGroup;
			children = (
				41578FE52087693000AFAB11 /* Collision_detection_test.app */,
			);
			name = Products;
			sourceTree = "<group>";
		};
		41578FE72087693000AFAB11 /* Collision_detection_test */ = {
			isa = PBXGroup;
			children = (
				41578FEA2087693000AFAB11 /* ResourcePath.mm */,
				41578FEC2087693000AFAB11 /* ResourcePath.hpp */,
				41578FED2087693000AFAB11 /* main.cpp */,
				4157900020876DA700AFAB11 /* Ball.cpp */,
				41C1F5422099EF5300D4557F /* Physics.cpp */,
				41578FEF2087693000AFAB11 /* Resources */,
				415790C8208B8F5000AFAB11 /* Images.xcassets */,
				41578FE82087693000AFAB11 /* Supporting Files */,
			);
			path = Collision_detection_test;
			sourceTree = "<group>";
		};
		41578FE82087693000AFAB11 /* Supporting Files */ = {
			isa = PBXGroup;
			children = (
				41578FE92087693000AFAB11 /* Collision_detection_test-Info.plist */,
			);
			name = "Supporting Files";
			sourceTree = "<group>";
		};
		41578FEF2087693000AFAB11 /* Resources */ = {
			isa = PBXGroup;
			children = (
				41578FF42087693000AFAB11 /* sansation.ttf */,
				41578FF62087693000AFAB11 /* icon.png */,
			);
			name = Resources;
			sourceTree = "<group>";
		};
/* End PBXGroup section */

/* Begin PBXNativeTarget section */
		41578FE42087693000AFAB11 /* Collision_detection_test */ = {
			isa = PBXNativeTarget;
			buildConfigurationList = 41578FFA2087693000AFAB11 /* Build configuration list for PBXNativeTarget "Collision_detection_test" */;
			buildPhases = (
				41578FE02087693000AFAB11 /* Sources */,
				41578FE12087693000AFAB11 /* Frameworks */,
				41578FE22087693000AFAB11 /* Resources */,
				41578FE32087693000AFAB11 /* ShellScript */,
			);
			buildRules = (
			);
			dependencies = (
			);
			name = Collision_detection_test;
			productName = Collision_detection_test;
			productReference = 41578FE52087693000AFAB11 /* Collision_detection_test.app */;
			productType = "com.apple.product-type.application";
		};
/* End PBXNativeTarget section */

/* Begin PBXProject section */
		41578FDC2087692F00AFAB11 /* Project object */ = {
			isa = PBXProject;
			attributes = {
				LastUpgradeCheck = 0920;
				ORGANIZATIONNAME = "Teodor Stanishev";
				TargetAttributes = {
					41578FE42087693000AFAB11 = {
						CreatedOnToolsVersion = 9.2;
						ProvisioningStyle = Automatic;
					};
				};
			};
			buildConfigurationList = 41578FDF2087692F00AFAB11 /* Build configuration list for PBXProject "Collision_detection_test" */;
			compatibilityVersion = "Xcode 8.0";
			developmentRegion = en;
			hasScannedForEncodings = 0;
			knownRegions = (
				en,
				Base,
			);
			mainGroup = 41578FDB2087692F00AFAB11;
			productRefGroup = 41578FE62087693000AFAB11 /* Products */;
			projectDirPath = "";
			projectRoot = "";
			targets = (
				41578FE42087693000AFAB11 /* Collision_detection_test */,
			);
		};
/* End PBXProject section */

/* Begin PBXResourcesBuildPhase section */
		41578FE22087693000AFAB11 /* Resources */ = {
			isa = PBXResourcesBuildPhase;
			buildActionMask = 2147483647;
			files = (
				415790C9208B8F5000AFAB11 /* Images.xcassets in Resources */,
				41578FF72087693000AFAB11 /* icon.png in Resources */,
				41578FF52087693000AFAB11 /* sansation.ttf in Resources */,
			);
			runOnlyForDeploymentPostprocessing = 0;
		};
/* End PBXResourcesBuildPhase section */

/* Begin PBXShellScriptBuildPhase section */
		41578FE32087693000AFAB11 /* ShellScript */ = {
			isa = PBXShellScriptBuildPhase;
			buildActionMask = 2147483647;
			files = (
			);
			inputPaths = (
			);
			outputPaths = (
			);
			runOnlyForDeploymentPostprocessing = 0;
			shellPath = /bin/sh;
			shellScript = "# This shell script simply copies required SFML dylibs/frameworks into the application bundle frameworks folder.\n# If you're using static libraries (which is not recommended) you should remove this script from your project.\n\n# SETTINGS\nCMAKE_INSTALL_FRAMEWORK_PREFIX=\"/Library/Frameworks\"\nCMAKE_INSTALL_LIB_PREFIX=\"/usr/local/lib\"\nFRAMEWORKS_FULL_PATH=\"$BUILT_PRODUCTS_DIR/$FRAMEWORKS_FOLDER_PATH/\"\n\n# Are we building a project that uses frameworks or dylibs?\ncase \"$SFML_BINARY_TYPE\" in\n    DYLIBS)\n        frameworks=\"false\"\n        ;;\n    *)\n        frameworks=\"true\"\n        ;;\nesac\n\n# Echoes to stderr\nerror () # $* message to display\n{\n    echo $* 1>&2\n    exit 2\n}\n\nassert () # $1 is a boolean, $2...N is an error message\n{\n    if [ $# -lt 2 ]\n    then\n        error \"Internal error in assert: not enough args\"\n    fi\n\n    if [ $1 -ne 0 ]\n    then\n        shift\n        error \"$*\"\n    fi\n}\n\nforce_remove () # $@ is some paths\n{\n    test $# -ge 1\n    assert $? \"force_remove() requires at least one parameter\"\n    rm -fr $@\n    assert $? \"couldn't remove $@\"\n}\n\ncopy () # $1 is a source, $2 is a destination\n{\n    test $# -eq 2\n    assert $? \"copy() requires two parameters\"\n    ditto \"$1\" \"$2\"\n    assert $? \"couldn't copy $1 to $2\"\n}\n\nrequire () # $1 is a SFML module like 'system' or 'audio'\n{\n    dest=\"$BUILT_PRODUCTS_DIR/$FRAMEWORKS_FOLDER_PATH/\"\n\n    if [ -z \"$1\" ]\n    then\n        error \"require() requires one parameter!\"\n    else\n        # clean potentially old stuff\n        force_remove \"$dest/libsfml-$1\"*\n        force_remove \"$dest/sfml-$1.framework\"\n\n        # copy SFML libraries\n        if [ \"$frameworks\" = \"true\" ]\n        then\n            source=\"$CMAKE_INSTALL_FRAMEWORK_PREFIX/sfml-$1.framework\"\n            target=\"sfml-$1.framework\"\n        elif [ \"$SFML_LINK_DYLIBS_SUFFIX\" = \"-d\" ]\n        then\n            source=\"$CMAKE_INSTALL_LIB_PREFIX/libsfml-$1-d.dylib\"\n            target=\"`readlink $source`\"\n        else\n            source=\"$CMAKE_INSTALL_LIB_PREFIX/libsfml-$1.dylib\"\n            target=\"`readlink $source`\"\n        fi\n\n        copy \"$source\" \"$dest/$target\"\n\n        # copy extra dependencies\n        if [ \"$1\" = \"audio\" ]\n        then\n            # copy \"FLAC\" \"ogg\" \"vorbis\" \"vorbisenc\" \"vorbisfile\" \"OpenAL\" frameworks too\n            for f in \"FLAC\" \"ogg\" \"vorbis\" \"vorbisenc\" \"vorbisfile\" \"OpenAL\"\n            do\n                copy \"$CMAKE_INSTALL_FRAMEWORK_PREFIX/$f.framework\" \"$dest/$f.framework\"\n            done\n        elif [ \"$1\" = \"graphics\" ]\n        then\n            copy \"$CMAKE_INSTALL_FRAMEWORK_PREFIX/freetype.framework\" \"$dest/freetype.framework\"\n        fi\n    fi\n}\n\nif [ -n \"$SFML_SYSTEM\" ]\nthen\n    require \"system\"\nfi\n\nif [ -n \"$SFML_AUDIO\" ]\nthen\n    require \"audio\"\nfi\n\nif [ -n \"$SFML_NETWORK\" ]\nthen\n    require \"network\"\nfi\n\nif [ -n \"$SFML_WINDOW\" ]\nthen\n    require \"window\"\nfi\n\nif [ -n \"$SFML_GRAPHICS\" ]\nthen\n    require \"graphics\"\nfi\n\n                ";
		};
/* End PBXShellScriptBuildPhase section */

/* Begin PBXSourcesBuildPhase section */
		41578FE02087693000AFAB11 /* Sources */ = {
			isa = PBXSourcesBuildPhase;
			buildActionMask = 2147483647;
			files = (
				4157900120876DA700AFAB11 /* Ball.cpp in Sources */,
				41578FEE2087693000AFAB11 /* main.cpp in Sources */,
				41578FEB2087693000AFAB11 /* ResourcePath.mm in Sources */,
				41C1F5432099EF5300D4557F /* Physics.cpp in Sources */,
			);
			runOnlyForDeploymentPostprocessing = 0;
		};
/* End PBXSourcesBuildPhase section */

/* Begin XCBuildConfiguration section */
		41578FF82087693000AFAB11 /* Debug */ = {
			isa = XCBuildConfiguration;
			buildSettings = {
				ARCHS = "$(ARCHS_STANDARD)";
				CLANG_CXX_LANGUAGE_STANDARD = "gnu++17";
				CLANG_CXX_LIBRARY = "libc++";
				FRAMEWORK_SEARCH_PATHS = (
					/Library/Frameworks/,
					"$(inherited)",
				);
				GCC_VERSION = com.apple.compilers.llvm.clang.1_0;
				HEADER_SEARCH_PATHS = (
					/usr/local/include/,
					"$(inherited)",
				);
				LIBRARY_SEARCH_PATHS = (
					/usr/local/lib/,
					"$(inherited)",
				);
				MACOSX_DEPLOYMENT_TARGET = 10.7;
				OTHER_LDFLAGS = (
					"$(inherited)",
					"$(SFML_SYSTEM)",
					"$(SFML_WINDOW)",
					"$(SFML_GRAPHICS)",
					"$(SFML_AUDIO)",
				);
				SFML_AUDIO = "$(SFML_LINK_PREFIX) sfml-audio$(SFML_LINK_SUFFIX)";
				SFML_BINARY_TYPE = DYLIBS;
				SFML_GRAPHICS = "$(SFML_LINK_PREFIX) sfml-graphics$(SFML_LINK_SUFFIX)";
				SFML_LINK_DYLIBS_PREFIX = "-l";
				SFML_LINK_DYLIBS_SUFFIX = "";
				SFML_LINK_FRAMEWORKS_PREFIX = "-framework";
				SFML_LINK_FRAMEWORKS_SUFFIX = "";
				SFML_LINK_PREFIX = "$(SFML_LINK_$(SFML_BINARY_TYPE)_PREFIX)";
				SFML_LINK_SUFFIX = "$(SFML_LINK_$(SFML_BINARY_TYPE)_SUFFIX)";
				SFML_NETWORK = "$(SFML_LINK_PREFIX) sfml-network$(SFML_LINK_SUFFIX)";
				SFML_SYSTEM = "$(SFML_LINK_PREFIX) sfml-system$(SFML_LINK_SUFFIX)";
				SFML_WINDOW = "$(SFML_LINK_PREFIX) sfml-window$(SFML_LINK_SUFFIX)";
				SUPPORTED_PLATFORMS = macosx;
			};
			name = Debug;
		};
		41578FF92087693000AFAB11 /* Release */ = {
			isa = XCBuildConfiguration;
			buildSettings = {
				ARCHS = "$(ARCHS_STANDARD)";
				CLANG_CXX_LANGUAGE_STANDARD = "gnu++17";
				CLANG_CXX_LIBRARY = "libc++";
				FRAMEWORK_SEARCH_PATHS = (
					/Library/Frameworks/,
					"$(inherited)",
				);
				GCC_VERSION = com.apple.compilers.llvm.clang.1_0;
				HEADER_SEARCH_PATHS = (
					/usr/local/include/,
					"$(inherited)",
				);
				LIBRARY_SEARCH_PATHS = (
					/usr/local/lib/,
					"$(inherited)",
				);
				MACOSX_DEPLOYMENT_TARGET = 10.7;
				OTHER_LDFLAGS = (
					"$(inherited)",
					"$(SFML_SYSTEM)",
					"$(SFML_WINDOW)",
					"$(SFML_GRAPHICS)",
					"$(SFML_AUDIO)",
				);
				SFML_AUDIO = "$(SFML_LINK_PREFIX) sfml-audio$(SFML_LINK_SUFFIX)";
				SFML_BINARY_TYPE = DYLIBS;
				SFML_GRAPHICS = "$(SFML_LINK_PREFIX) sfml-graphics$(SFML_LINK_SUFFIX)";
				SFML_LINK_DYLIBS_PREFIX = "-l";
				SFML_LINK_DYLIBS_SUFFIX = "";
				SFML_LINK_FRAMEWORKS_PREFIX = "-framework";
				SFML_LINK_FRAMEWORKS_SUFFIX = "";
				SFML_LINK_PREFIX = "$(SFML_LINK_$(SFML_BINARY_TYPE)_PREFIX)";
				SFML_LINK_SUFFIX = "$(SFML_LINK_$(SFML_BINARY_TYPE)_SUFFIX)";
				SFML_NETWORK = "$(SFML_LINK_PREFIX) sfml-network$(SFML_LINK_SUFFIX)";
				SFML_SYSTEM = "$(SFML_LINK_PREFIX) sfml-system$(SFML_LINK_SUFFIX)";
				SFML_WINDOW = "$(SFML_LINK_PREFIX) sfml-window$(SFML_LINK_SUFFIX)";
				SUPPORTED_PLATFORMS = macosx;
			};
			name = Release;
		};
		41578FFB2087693000AFAB11 /* Debug */ = {
			isa = XCBuildConfiguration;
			buildSettings = {
				CODE_SIGN_IDENTITY = "";
				CODE_SIGN_STYLE = Automatic;
				DEVELOPMENT_TEAM = 7J2H46PQDL;
				INFOPLIST_FILE = "Collision_detection_test/Collision_detection_test-Info.plist";
				LD_RUNPATH_SEARCH_PATHS = "@loader_path/../Frameworks";
				PRODUCT_NAME = "$(TARGET_NAME)";
				PROVISIONING_PROFILE_SPECIFIER = "";
			};
			name = Debug;
		};
		41578FFC2087693000AFAB11 /* Release */ = {
			isa = XCBuildConfiguration;
			buildSettings = {
				CODE_SIGN_IDENTITY = "";
				CODE_SIGN_STYLE = Automatic;
				DEVELOPMENT_TEAM = 7J2H46PQDL;
				INFOPLIST_FILE = "Collision_detection_test/Collision_detection_test-Info.plist";
				LD_RUNPATH_SEARCH_PATHS = "@loader_path/../Frameworks";
				PRODUCT_NAME = "$(TARGET_NAME)";
				PROVISIONING_PROFILE_SPECIFIER = "";
			};
			name = Release;
		};
/* End XCBuildConfiguration section */

/* Begin XCConfigurationList section */
		41578FDF2087692F00AFAB11 /* Build configuration list for PBXProject "Collision_detection_test" */ = {
			isa = XCConfigurationList;
			buildConfigurations = (
				41578FF82087693000AFAB11 /* Debug */,
				41578FF92087693000AFAB11 /* Release */,
			);
			defaultConfigurationIsVisible = 0;
			defaultConfigurationName = Debug;
		};
		41578FFA2087693000AFAB11 /* Build configuration list for PBXNativeTarget "Collision_detection_test" */ = {
			isa = XCConfigurationList;
			buildConfigurations = (
				41578FFB2087693000AFAB11 /* Debug */,
				41578FFC2087693000AFAB11 /* Release */,
			);
			defaultConfigurationIsVisible = 0;
			defaultConfigurationName = Debug;
		};
/* End XCConfigurationList section */
	};
	rootObject = 41578FDC2087692F00AFAB11 /* Project object */;
}
